<?xml version="1.0" encoding="utf-8"?>
<Project ToolsVersion="4.0" xmlns="http://schemas.microsoft.com/developer/msbuild/2003">
  <ItemGroup>
    <Filter Include="Source Files">
      <UniqueIdentifier>{4FC737F1-C7A5-4376-A066-2A32D752A2FF}</UniqueIdentifier>
      <Extensions>cpp;c;cc;cxx;def;odl;idl;hpj;bat;asm;asmx;mc</Extensions>
    </Filter>
    <Filter Include="Header Files">
      <UniqueIdentifier>{93995380-89BD-4b04-88EB-625FBE52EBFB}</UniqueIdentifier>
      <Extensions>h;hpp;hxx;hm;inl;inc;xsd</Extensions>
    </Filter>
    <Filter Include="Resource Files">
      <UniqueIdentifier>{67DA6AB6-F800-4c08-8B7A-83BB121AAD01}</UniqueIdentifier>
      <Extensions>rc;ico;cur;bmp;dlg;rc2;rct;bin;rgs;gif;jpg;jpeg;jpe;resx;tiff;tif;png;wav;mfcribbon-ms</Extensions>
    </Filter>
  </ItemGroup>
  <ItemGroup>
    <ClCompile Include="getStdOutBufferWidth.cpp">
      <Filter>Source Files</Filter>
    </ClCompile>
    <ClCompile Include="getResourceString.cpp">
      <Filter>Source Files</Filter>
    </ClCompile>
    <ClCompile Include="MP3Attribute.cpp">
      <Filter>Source Files</Filter>
    </ClCompile>
    <ClCompile Include="MP3epoc.cpp">
      <Filter>Source Files</Filter>
    </ClCompile>
    <ClCompile Include="PathProcessor.cpp">
      <Filter>Source Files</Filter>
    </ClCompile>
    <ClCompile Include="MP3GearWheel.cpp">
      <Filter>Source Files</Filter>
    </ClCompile>
    <ClCompile Include="IMP3AttributeSetFormatInfo.cpp">
      <Filter>Source Files</Filter>
    </ClCompile>
    <ClCompile Include="MP3AttributeSet.cpp">
      <Filter>Source Files</Filter>
    </ClCompile>
    <ClCompile Include="toUpperASCII.cpp">
      <Filter>Source Files</Filter>
    </ClCompile>
    <ClCompile Include="MP3FormatException.cpp">
      <Filter>Source Files</Filter>
    </ClCompile>
    <ClCompile Include="setUpOutputEncoding.cpp">
      <Filter>Source Files</Filter>
    </ClCompile>
    <ClCompile Include="Char16Iterator.cpp">
      <Filter>Source Files</Filter>
    </ClCompile>
    <ClCompile Include="shrinkTextWidth.cpp">
      <Filter>Source Files</Filter>
    </ClCompile>
    <ClCompile Include="Finally.cpp">
      <Filter>Source Files</Filter>
    </ClCompile>
    <ClCompile Include="processFile.cpp">
      <Filter>Source Files</Filter>
    </ClCompile>
  </ItemGroup>
  <ItemGroup>
    <ClInclude Include="getStdOutBufferWidth.h">
      <Filter>Header Files</Filter>
    </ClInclude>
    <ClInclude Include="messages.h">
      <Filter>Header Files</Filter>
    </ClInclude>
    <ClInclude Include="MP3Attribute.h">
      <Filter>Header Files</Filter>
    </ClInclude>
    <ClInclude Include="getResourceString.h">
      <Filter>Header Files</Filter>
    </ClInclude>
    <ClInclude Include="resource.h">
      <Filter>Header Files</Filter>
    </ClInclude>
    <ClInclude Include="version.h">
      <Filter>Header Files</Filter>
    </ClInclude>
    <ClInclude Include="xsys.h">
      <Filter>Header Files</Filter>
    </ClInclude>
    <ClInclude Include="PathProcessor.h">
      <Filter>Header Files</Filter>
    </ClInclude>
    <ClInclude Include="Windows API.h">
      <Filter>Header Files</Filter>
    </ClInclude>
    <ClInclude Include="MP3GearWheel.h">
      <Filter>Header Files</Filter>
    </ClInclude>
    <ClInclude Include="IMP3AttributeSetFormatInfo.h">
      <Filter>Header Files</Filter>
    </ClInclude>
    <ClInclude Include="MP3AttributeSet.h">
      <Filter>Header Files</Filter>
    </ClInclude>
    <ClInclude Include="toUpperASCII.h">
      <Filter>Header Files</Filter>
    </ClInclude>
    <ClInclude Include="MP3FormatException.h">
      <Filter>Header Files</Filter>
    </ClInclude>
    <ClInclude Include="FrameNumber.h">
      <Filter>Header Files</Filter>
    </ClInclude>
    <ClInclude Include="setUpOutputEncoding.h">
      <Filter>Header Files</Filter>
    </ClInclude>
    <ClInclude Include="Char16Iterator.h">
      <Filter>Header Files</Filter>
    </ClInclude>
    <ClInclude Include="shrinkTextWidth.h">
      <Filter>Header Files</Filter>
    </ClInclude>
    <ClInclude Include="Finally.h">
      <Filter>Header Files</Filter>
    </ClInclude>
    <ClInclude Include="countLeastSignificantZeros.h">
      <Filter>Header Files</Filter>
    </ClInclude>
    <ClInclude Include="processFile.h">
      <Filter>Header Files</Filter>
    </ClInclude>
    <ClInclude Include="findAllFilePaths.h">
      <Filter>Header Files</Filter>
    </ClInclude>
  </ItemGroup>
  <ItemGroup>
    <ResourceCompile Include="resource.rc">
      <Filter>Resource Files</Filter>
    </ResourceCompile>
  </ItemGroup>
  <ItemGroup>
    <None Include="version.rc">
      <Filter>Resource Files</Filter>
    </None>
  </ItemGroup>
  <ItemGroup>
    <CustomBuild Include="messages.mc">
      <Filter>Source Files</Filter>
    </CustomBuild>
  </ItemGroup>
</Project>